# This file is automatically @generated by Cargo.
# It is not intended for manual editing.
version = 3

[[package]]
name = "enchant"
version = "0.3.0"
source = "registry+https://github.com/rust-lang/crates.io-index"
checksum = "dafd018f9ff5933b0cf9d89a095c31125890f2246952749cbaad230b537644db"
dependencies = [
 "enchant-sys",
]

[[package]]
name = "enchant-sys"
version = "0.2.1"
source = "registry+https://github.com/rust-lang/crates.io-index"
checksum = "97af59f7a6d8a217695598f23dc12051734322e60b58e5ca2f3a2fffa59ba34f"
dependencies = [
 "pkg-config",
]

[[package]]
name = "patronus-enchant"
version = "0.3.0"
dependencies = [
 "enchant",
 "patronus-provider",
]

[[package]]
name = "patronus-provider"
version = "0.1.0"

[[package]]
name = "pkg-config"
version = "0.3.19"
source = "registry+https://github.com/rust-lang/crates.io-index"
checksum = "3831453b3449ceb48b6d9c7ad7c96d5ea673e9b470a1dc578c2ce6521230884c"
