# This file is automatically @generated by Cargo.
# It is not intended for manual editing.
[[package]]
name = "cc"
version = "1.0.38"
source = "registry+https://github.com/rust-lang/crates.io-index"

[[package]]
name = "libloading"
version = "0.5.2"
source = "registry+https://github.com/rust-lang/crates.io-index"
dependencies = [
 "cc 1.0.38 (registry+https://github.com/rust-lang/crates.io-index)",
 "winapi 0.3.7 (registry+https://github.com/rust-lang/crates.io-index)",
]

[[package]]
name = "patronus"
version = "0.1.1"
dependencies = [
 "libloading 0.5.2 (registry+https://github.com/rust-lang/crates.io-index)",
 "patronus-provider 0.1.0",
]

[[package]]
name = "patronus-capi"
version = "0.1.2"
dependencies = [
 "patronus 0.1.1",
 "patronus-provider 0.1.0",
]

[[package]]
name = "patronus-provider"
version = "0.1.0"

[[package]]
name = "winapi"
version = "0.3.7"
source = "registry+https://github.com/rust-lang/crates.io-index"
dependencies = [
 "winapi-i686-pc-windows-gnu 0.4.0 (registry+https://github.com/rust-lang/crates.io-index)",
 "winapi-x86_64-pc-windows-gnu 0.4.0 (registry+https://github.com/rust-lang/crates.io-index)",
]

[[package]]
name = "winapi-i686-pc-windows-gnu"
version = "0.4.0"
source = "registry+https://github.com/rust-lang/crates.io-index"

[[package]]
name = "winapi-x86_64-pc-windows-gnu"
version = "0.4.0"
source = "registry+https://github.com/rust-lang/crates.io-index"

[metadata]
"checksum cc 1.0.38 (registry+https://github.com/rust-lang/crates.io-index)" = "ce400c638d48ee0e9ab75aef7997609ec57367ccfe1463f21bf53c3eca67bf46"
"checksum libloading 0.5.2 (registry+https://github.com/rust-lang/crates.io-index)" = "f2b111a074963af1d37a139918ac6d49ad1d0d5e47f72fd55388619691a7d753"
"checksum winapi 0.3.7 (registry+https://github.com/rust-lang/crates.io-index)" = "f10e386af2b13e47c89e7236a7a14a086791a2b88ebad6df9bf42040195cf770"
"checksum winapi-i686-pc-windows-gnu 0.4.0 (registry+https://github.com/rust-lang/crates.io-index)" = "ac3b87c63620426dd9b991e5ce0329eff545bccbbb34f3be09ff6fb6ab51b7b6"
"checksum winapi-x86_64-pc-windows-gnu 0.4.0 (registry+https://github.com/rust-lang/crates.io-index)" = "712e227841d057c1ee1cd2fb22fa7e5a5461ae8e48fa2ca79ec42cfc1931183f"
